{
    "version": 3,
    "terraform_version": "0.11.7",
    "serial": 2,
    "lineage": "f969a9f3-ec18-2b44-0065-cec02e4c44b2",
    "modules": [
        {
            "path": [
                "root"
            ],
            "outputs": {
                "aws_region": {
                    "sensitive": false,
                    "type": "string",
                    "value": "eu-west-2"
                }
            },
            "resources": {
                "aws_s3_bucket.bucket_host_website": {
                    "type": "aws_s3_bucket",
                    "depends_on": [],
                    "primary": {
                        "id": "bucket-host-website",
                        "attributes": {
                            "acceleration_status": "",
                            "acl": "private",
                            "arn": "arn:aws:s3:::bucket-host-website",
                            "bucket": "bucket-host-website",
                            "bucket_domain_name": "bucket-host-website.s3.amazonaws.com",
                            "cors_rule.#": "1",
                            "cors_rule.0.allowed_headers.#": "1",
                            "cors_rule.0.allowed_headers.0": "*",
                            "cors_rule.0.allowed_methods.#": "5",
                            "cors_rule.0.allowed_methods.0": "GET",
                            "cors_rule.0.allowed_methods.1": "HEAD",
                            "cors_rule.0.allowed_methods.2": "POST",
                            "cors_rule.0.allowed_methods.3": "DELETE",
                            "cors_rule.0.allowed_methods.4": "PUT",
                            "cors_rule.0.allowed_origins.#": "1",
                            "cors_rule.0.allowed_origins.0": "*",
                            "cors_rule.0.expose_headers.#": "2",
                            "cors_rule.0.expose_headers.0": "Date",
                            "cors_rule.0.expose_headers.1": "ETag",
                            "cors_rule.0.max_age_seconds": "0",
                            "force_destroy": "false",
                            "hosted_zone_id": "Z3GKZC51ZF0DB4",
                            "id": "bucket-host-website",
                            "logging.#": "0",
                            "policy": "{\"Statement\":[{\"Action\":\"s3:GetObject\",\"Effect\":\"Allow\",\"Principal\":\"*\",\"Resource\":\"arn:aws:s3:::bucket-host-website/*\"}],\"Version\":\"2012-10-17\"}",
                            "region": "eu-west-2",
                            "request_payer": "BucketOwner",
                            "server_side_encryption_configuration.#": "0",
                            "tags.%": "0",
                            "versioning.#": "1",
                            "versioning.0.enabled": "false",
                            "versioning.0.mfa_delete": "false",
                            "website.#": "1",
                            "website.0.error_document": "404.html",
                            "website.0.index_document": "index.html",
                            "website.0.redirect_all_requests_to": "",
                            "website.0.routing_rules": "[{\"Condition\":{\"HttpErrorCodeReturnedEquals\":\"400\"},\"Redirect\":{\"ReplaceKeyWith\":\"404.html\"}}]",
                            "website_domain": "s3-website.eu-west-2.amazonaws.com",
                            "website_endpoint": "bucket-host-website.s3-website.eu-west-2.amazonaws.com"
                        },
                        "meta": {},
                        "tainted": false
                    },
                    "deposed": [],
                    "provider": "provider.aws"
                }
            },
            "depends_on": []
        }
    ]
}
